
Microsoft Visual Studio Solution File, Format Version 12.00
# Visual Studio Version 17
VisualStudioVersion = 17.14.36414.22 d17.14
MinimumVisualStudioVersion = 10.0.40219.1
Project("{FAE04EC0-301F-11D3-BF4B-00C04F79EFBC}") = "RetailManagementSystem", "RetailManagementSystem\RetailManagementSystem.csproj", "{7AA8E800-E0B2-48AC-9AF4-D5B8944CB194}"
EndProject
Global
	GlobalSection(SolutionConfigurationPlatforms) = preSolution
		Debug|Any CPU = Debug|Any CPU
		Release|Any CPU = Release|Any CPU
	EndGlobalSection
	GlobalSection(ProjectConfigurationPlatforms) = postSolution
		{7AA8E800-E0B2-48AC-9AF4-D5B8944CB194}.Debug|Any CPU.ActiveCfg = Debug|Any CPU
		{7AA8E800-E0B2-48AC-9AF4-D5B8944CB194}.Debug|Any CPU.Build.0 = Debug|Any CPU
		{7AA8E800-E0B2-48AC-9AF4-D5B8944CB194}.Release|Any CPU.ActiveCfg = Release|Any CPU
		{7AA8E800-E0B2-48AC-9AF4-D5B8944CB194}.Release|Any CPU.Build.0 = Release|Any CPU
	EndGlobalSection
	GlobalSection(SolutionProperties) = preSolution
		HideSolutionNode = FALSE
	EndGlobalSection
	GlobalSection(ExtensibilityGlobals) = postSolution
		SolutionGuid = {2F57E9BE-EB75-47FF-86E0-4CB1C79E873D}
	EndGlobalSection
EndGlobal
